
Microsoft Visual Studio Solution File, Format Version 12.00
# Visual Studio Version 16
VisualStudioVersion = 16.0.30320.27
MinimumVisualStudioVersion = 10.0.40219.1
Project("{9A19103F-16F7-4668-BE54-9A1E7A4F7556}") = "FindHiddenLines.Lib", "FindHiddenLines.Lib\FindHiddenLines.Lib.csproj", "{54F3B404-71E2-4CDB-BDAB-CFE4D79CBBEA}"
EndProject
Project("{FAE04EC0-301F-11D3-BF4B-00C04F79EFBC}") = "FindHiddenLines.UI", "FindHiddenLines.UI\FindHiddenLines.UI.csproj", "{5E11E1AB-2292-4057-B214-92729D7ACFF9}"
EndProject
Global
	GlobalSection(SolutionConfigurationPlatforms) = preSolution
		Debug|Any CPU = Debug|Any CPU
		Release|Any CPU = Release|Any CPU
	EndGlobalSection
	GlobalSection(ProjectConfigurationPlatforms) = postSolution
		{54F3B404-71E2-4CDB-BDAB-CFE4D79CBBEA}.Debug|Any CPU.ActiveCfg = Debug|Any CPU
		{54F3B404-71E2-4CDB-BDAB-CFE4D79CBBEA}.Debug|Any CPU.Build.0 = Debug|Any CPU
		{54F3B404-71E2-4CDB-BDAB-CFE4D79CBBEA}.Release|Any CPU.ActiveCfg = Release|Any CPU
		{54F3B404-71E2-4CDB-BDAB-CFE4D79CBBEA}.Release|Any CPU.Build.0 = Release|Any CPU
		{5E11E1AB-2292-4057-B214-92729D7ACFF9}.Debug|Any CPU.ActiveCfg = Debug|Any CPU
		{5E11E1AB-2292-4057-B214-92729D7ACFF9}.Debug|Any CPU.Build.0 = Debug|Any CPU
		{5E11E1AB-2292-4057-B214-92729D7ACFF9}.Release|Any CPU.ActiveCfg = Release|Any CPU
		{5E11E1AB-2292-4057-B214-92729D7ACFF9}.Release|Any CPU.Build.0 = Release|Any CPU
	EndGlobalSection
	GlobalSection(SolutionProperties) = preSolution
		HideSolutionNode = FALSE
	EndGlobalSection
	GlobalSection(ExtensibilityGlobals) = postSolution
		SolutionGuid = {C50B64F3-C15B-451F-AEE0-6BA50090571D}
	EndGlobalSection
EndGlobal
